
Microsoft Visual Studio Solution File, Format Version 12.00
# Visual Studio 15
VisualStudioVersion = 15.0.26612.0
MinimumVisualStudioVersion = 10.0.40219.1
Project("{9A19103F-16F7-4668-BE54-9A1E7A4F7556}") = "Merq.Core.Merged", "Merq.Core.Merged\Merq.Core.Merged.csproj", "{8C524666-1111-41A4-9F03-15969CC71662}"
EndProject
Project("{9A19103F-16F7-4668-BE54-9A1E7A4F7556}") = "Merq", "..\Core\Merq\Merq.csproj", "{EFCC5EA5-5C7B-44FC-8199-35FF2E6E75F1}"
EndProject
Project("{9A19103F-16F7-4668-BE54-9A1E7A4F7556}") = "Merq.Vsix", "Merq.Vsix\Merq.Vsix.csproj", "{938DA654-1557-420F-816B-9B8ECF18BF85}"
EndProject
Project("{9A19103F-16F7-4668-BE54-9A1E7A4F7556}") = "Merq.Async", "..\Async\Merq.Async\Merq.Async.csproj", "{D69B61E1-D8D2-4DD6-9AAC-2B7CD38D6BB6}"
EndProject
Project("{9A19103F-16F7-4668-BE54-9A1E7A4F7556}") = "Merq.Async.Core.Desktop", "..\Async\Merq.Async.Core\Merq.Async.Core.Desktop\Merq.Async.Core.Desktop.csproj", "{0DBDCF77-CCBD-48D5-8B4B-20110A728066}"
EndProject
Global
	GlobalSection(SolutionConfigurationPlatforms) = preSolution
		Debug|Any CPU = Debug|Any CPU
		Debug|x86 = Debug|x86
		Release|Any CPU = Release|Any CPU
		Release|x86 = Release|x86
	EndGlobalSection
	GlobalSection(ProjectConfigurationPlatforms) = postSolution
		{8C524666-1111-41A4-9F03-15969CC71662}.Debug|Any CPU.ActiveCfg = Debug|Any CPU
		{8C524666-1111-41A4-9F03-15969CC71662}.Debug|Any CPU.Build.0 = Debug|Any CPU
		{8C524666-1111-41A4-9F03-15969CC71662}.Debug|x86.ActiveCfg = Debug|Any CPU
		{8C524666-1111-41A4-9F03-15969CC71662}.Debug|x86.Build.0 = Debug|Any CPU
		{8C524666-1111-41A4-9F03-15969CC71662}.Release|Any CPU.ActiveCfg = Release|Any CPU
		{8C524666-1111-41A4-9F03-15969CC71662}.Release|Any CPU.Build.0 = Release|Any CPU
		{8C524666-1111-41A4-9F03-15969CC71662}.Release|x86.ActiveCfg = Release|Any CPU
		{8C524666-1111-41A4-9F03-15969CC71662}.Release|x86.Build.0 = Release|Any CPU
		{EFCC5EA5-5C7B-44FC-8199-35FF2E6E75F1}.Debug|Any CPU.ActiveCfg = Debug|Any CPU
		{EFCC5EA5-5C7B-44FC-8199-35FF2E6E75F1}.Debug|Any CPU.Build.0 = Debug|Any CPU
		{EFCC5EA5-5C7B-44FC-8199-35FF2E6E75F1}.Debug|x86.ActiveCfg = Debug|Any CPU
		{EFCC5EA5-5C7B-44FC-8199-35FF2E6E75F1}.Debug|x86.Build.0 = Debug|Any CPU
		{EFCC5EA5-5C7B-44FC-8199-35FF2E6E75F1}.Release|Any CPU.ActiveCfg = Release|Any CPU
		{EFCC5EA5-5C7B-44FC-8199-35FF2E6E75F1}.Release|Any CPU.Build.0 = Release|Any CPU
		{EFCC5EA5-5C7B-44FC-8199-35FF2E6E75F1}.Release|x86.ActiveCfg = Release|Any CPU
		{EFCC5EA5-5C7B-44FC-8199-35FF2E6E75F1}.Release|x86.Build.0 = Release|Any CPU
		{938DA654-1557-420F-816B-9B8ECF18BF85}.Debug|Any CPU.ActiveCfg = Debug|x86
		{938DA654-1557-420F-816B-9B8ECF18BF85}.Debug|Any CPU.Build.0 = Debug|x86
		{938DA654-1557-420F-816B-9B8ECF18BF85}.Debug|x86.ActiveCfg = Debug|x86
		{938DA654-1557-420F-816B-9B8ECF18BF85}.Debug|x86.Build.0 = Debug|x86
		{938DA654-1557-420F-816B-9B8ECF18BF85}.Release|Any CPU.ActiveCfg = Release|x86
		{938DA654-1557-420F-816B-9B8ECF18BF85}.Release|Any CPU.Build.0 = Release|x86
		{938DA654-1557-420F-816B-9B8ECF18BF85}.Release|x86.ActiveCfg = Release|x86
		{938DA654-1557-420F-816B-9B8ECF18BF85}.Release|x86.Build.0 = Release|x86
		{D69B61E1-D8D2-4DD6-9AAC-2B7CD38D6BB6}.Debug|Any CPU.ActiveCfg = Debug|Any CPU
		{D69B61E1-D8D2-4DD6-9AAC-2B7CD38D6BB6}.Debug|Any CPU.Build.0 = Debug|Any CPU
		{D69B61E1-D8D2-4DD6-9AAC-2B7CD38D6BB6}.Debug|x86.ActiveCfg = Debug|Any CPU
		{D69B61E1-D8D2-4DD6-9AAC-2B7CD38D6BB6}.Debug|x86.Build.0 = Debug|Any CPU
		{D69B61E1-D8D2-4DD6-9AAC-2B7CD38D6BB6}.Release|Any CPU.ActiveCfg = Release|Any CPU
		{D69B61E1-D8D2-4DD6-9AAC-2B7CD38D6BB6}.Release|Any CPU.Build.0 = Release|Any CPU
		{D69B61E1-D8D2-4DD6-9AAC-2B7CD38D6BB6}.Release|x86.ActiveCfg = Release|Any CPU
		{D69B61E1-D8D2-4DD6-9AAC-2B7CD38D6BB6}.Release|x86.Build.0 = Release|Any CPU
		{0DBDCF77-CCBD-48D5-8B4B-20110A728066}.Debug|Any CPU.ActiveCfg = Debug|Any CPU
		{0DBDCF77-CCBD-48D5-8B4B-20110A728066}.Debug|Any CPU.Build.0 = Debug|Any CPU
		{0DBDCF77-CCBD-48D5-8B4B-20110A728066}.Debug|x86.ActiveCfg = Debug|Any CPU
		{0DBDCF77-CCBD-48D5-8B4B-20110A728066}.Debug|x86.Build.0 = Debug|Any CPU
		{0DBDCF77-CCBD-48D5-8B4B-20110A728066}.Release|Any CPU.ActiveCfg = Release|Any CPU
		{0DBDCF77-CCBD-48D5-8B4B-20110A728066}.Release|Any CPU.Build.0 = Release|Any CPU
		{0DBDCF77-CCBD-48D5-8B4B-20110A728066}.Release|x86.ActiveCfg = Release|Any CPU
		{0DBDCF77-CCBD-48D5-8B4B-20110A728066}.Release|x86.Build.0 = Release|Any CPU
	EndGlobalSection
	GlobalSection(SolutionProperties) = preSolution
		HideSolutionNode = FALSE
	EndGlobalSection
	GlobalSection(ExtensibilityGlobals) = postSolution
		SolutionGuid = {0AB1403A-26CF-4387-883D-4D4910B8BB7B}
	EndGlobalSection
EndGlobal
